# THIS IS AN AUTOGENERATED FILE. DO NOT EDIT THIS FILE DIRECTLY.
# yarn lockfile v1


"@syncfusion/ej2-base@~19.1.54", "@syncfusion/ej2-base@~19.1.56", "@syncfusion/ej2-base@~19.1.57":
  version "19.1.57"
  resolved "https://registry.yarnpkg.com/@syncfusion/ej2-base/-/ej2-base-19.1.57.tgz#f7bdba82c75d7fdfba220d6a9977529fd2be317b"
  integrity sha512-CPeCtdeP+TiBQkh95iGhlldeT4ZdBy4PLk0wkK1MajKy+X08EsmhXsQrk2g4mEbypRhI4Oh5mzvil7Y8UpDHmQ==
  dependencies:
    "@syncfusion/ej2-icons" "~19.1.54"

"@syncfusion/ej2-buttons@~19.1.54":
  version "19.1.54"
  resolved "https://registry.yarnpkg.com/@syncfusion/ej2-buttons/-/ej2-buttons-19.1.54.tgz#49b9e806f43301c7d5b0a2c50d9fd0a5e4964b15"
  integrity sha512-jMweKcNkjKSZGrwh03SG/JQ8c7vVpUygPxfjMAv/pJcWj4GvvNXMzd0TQuwFSCjLFlole39/l3LpUWnCoZstrA==
  dependencies:
    "@syncfusion/ej2-base" "~19.1.54"

"@syncfusion/ej2-calendars@~19.1.56":
  version "19.1.56"
  resolved "https://registry.yarnpkg.com/@syncfusion/ej2-calendars/-/ej2-calendars-19.1.56.tgz#d67cfcf3844c40bfe011dd0a29e0d973eda387a1"
  integrity sha512-2JpYnU7cl1oscW57toJieI0IDY1yI4hfCBITSMup0UN9aJJrO/P07BLV7k05k0Lswyj64vFAQ4XVyDb97gcfLQ==
  dependencies:
    "@syncfusion/ej2-base" "~19.1.56"
    "@syncfusion/ej2-buttons" "~19.1.54"
    "@syncfusion/ej2-inputs" "~19.1.54"
    "@syncfusion/ej2-lists" "~19.1.56"
    "@syncfusion/ej2-popups" "~19.1.56"

"@syncfusion/ej2-compression@~19.1.54":
  version "19.1.54"
  resolved "https://registry.yarnpkg.com/@syncfusion/ej2-compression/-/ej2-compression-19.1.54.tgz#cb1ee48f81d766f86adeb805b35374502b3f6a38"
  integrity sha512-zomYG68iBI+kuRTaNDOULNg2+XnT4N7mBYBAvcwOm4rA+yMpws8ftcaY+7jMalOnDgWJjjKl+Lrj2vU4AU93Nw==
  dependencies:
    "@syncfusion/ej2-file-utils" "~19.1.54"

"@syncfusion/ej2-data@~19.1.56", "@syncfusion/ej2-data@~19.1.58":
  version "19.1.58"
  resolved "https://registry.yarnpkg.com/@syncfusion/ej2-data/-/ej2-data-19.1.58.tgz#ab899d6cca880d2d6e9b1d42cda56e047c9fea06"
  integrity sha512-5HL+a6baaALsuDV3lBonpXFEX+f3rlm0ksRwVssnWCtN6wAVWVCUx/3leVawEqFPd8V2Q6/VtzysT4H/KuQorg==
  dependencies:
    "@syncfusion/ej2-base" "~19.1.57"

"@syncfusion/ej2-dropdowns@~19.1.59":
  version "19.1.59"
  resolved "https://registry.yarnpkg.com/@syncfusion/ej2-dropdowns/-/ej2-dropdowns-19.1.59.tgz#2218aa56d3964fe1086b24f0be09c9a61cf8d578"
  integrity sha512-6otppaArh22nZURhDvrsvjCuXW8Cu3xEBosUBMgg2WYupAjAh24+HtUWeG1C29XzzMtUMOu+uIrg9VCxSWy+Ng==
  dependencies:
    "@syncfusion/ej2-base" "~19.1.57"
    "@syncfusion/ej2-data" "~19.1.58"
    "@syncfusion/ej2-inputs" "~19.1.59"
    "@syncfusion/ej2-lists" "~19.1.56"
    "@syncfusion/ej2-navigations" "~19.1.59"
    "@syncfusion/ej2-popups" "~19.1.59"

"@syncfusion/ej2-excel-export@~19.1.54":
  version "19.1.54"
  resolved "https://registry.yarnpkg.com/@syncfusion/ej2-excel-export/-/ej2-excel-export-19.1.54.tgz#ca2b1a500ccdc4b3da75def38d7de6d21e496769"
  integrity sha512-XJsFwKzBRg+K8yR36y6ZsPJcWOUJrUtUw2J+vdoBlJ4UQ7+19QR6SPd5QT0ZU2h9/kv3y+Np6Tx3p2zD0jVc8A==
  dependencies:
    "@syncfusion/ej2-base" "~19.1.54"
    "@syncfusion/ej2-compression" "~19.1.54"

"@syncfusion/ej2-file-utils@~19.1.54":
  version "19.1.54"
  resolved "https://registry.yarnpkg.com/@syncfusion/ej2-file-utils/-/ej2-file-utils-19.1.54.tgz#787abc3667803683afb96340e497579e9ad1f010"
  integrity sha512-+GPv2LLpsCJkyA7C/nXlJYRvKGAQBvXuV11Sm9mnRSikzUBc7KVpX+xqYkE2dlX7uhiup9Ql5j7+nbkx1aDz4A==

"@syncfusion/ej2-filemanager@~19.1.58":
  version "19.1.58"
  resolved "https://registry.yarnpkg.com/@syncfusion/ej2-filemanager/-/ej2-filemanager-19.1.58.tgz#057db33f44775be1a30e12a9b390bf3016713999"
  integrity sha512-jTBZBUAjZuApKsKzP/V3Nkr3vXskVFOvJPXMguz6hKC1E37HUttmQeRt6zGirWGxKI+8O5JaDVeGZ14c0tXNwQ==
  dependencies:
    "@syncfusion/ej2-base" "~19.1.57"
    "@syncfusion/ej2-buttons" "~19.1.54"
    "@syncfusion/ej2-data" "~19.1.58"
    "@syncfusion/ej2-grids" "~19.1.58"
    "@syncfusion/ej2-inputs" "~19.1.57"
    "@syncfusion/ej2-layouts" "~19.1.58"
    "@syncfusion/ej2-lists" "~19.1.56"
    "@syncfusion/ej2-navigations" "~19.1.58"
    "@syncfusion/ej2-popups" "~19.1.57"
    "@syncfusion/ej2-splitbuttons" "~19.1.54"
    selenium-webdriver "^4.0.0-alpha.1"

"@syncfusion/ej2-gantt@19.1.59":
  version "19.1.59"
  resolved "https://registry.yarnpkg.com/@syncfusion/ej2-gantt/-/ej2-gantt-19.1.59.tgz#6c3aabc11e99e05c63cf35b0df373d8a1ef24c45"
  integrity sha512-1KHN5nf3HvOJsS9k5P4mDeXGYxbOaXwfZmRaP2+ygdytg/Zouu2bDWxmPdIkl/qVduH2rUaQiKiz4vzNjTWAGw==
  dependencies:
    "@syncfusion/ej2-base" "~19.1.57"
    "@syncfusion/ej2-buttons" "~19.1.54"
    "@syncfusion/ej2-calendars" "~19.1.56"
    "@syncfusion/ej2-data" "~19.1.58"
    "@syncfusion/ej2-dropdowns" "~19.1.59"
    "@syncfusion/ej2-grids" "~19.1.59"
    "@syncfusion/ej2-inputs" "~19.1.59"
    "@syncfusion/ej2-layouts" "~19.1.58"
    "@syncfusion/ej2-lists" "~19.1.56"
    "@syncfusion/ej2-navigations" "~19.1.59"
    "@syncfusion/ej2-popups" "~19.1.59"
    "@syncfusion/ej2-richtexteditor" "~19.1.59"
    "@syncfusion/ej2-treegrid" "~19.1.59"

"@syncfusion/ej2-grids@~19.1.58", "@syncfusion/ej2-grids@~19.1.59":
  version "19.1.59"
  resolved "https://registry.yarnpkg.com/@syncfusion/ej2-grids/-/ej2-grids-19.1.59.tgz#ef846aa30cd27bcaabed950090a9b2abce26950e"
  integrity sha512-gw0RztYjtG8RTQk32NwoyjDK0aroEvwY9BJYeU9dx2QzdFW24Ywr7zXtVJVCp48NB5A1lohbnw/cCcWkedIdrw==
  dependencies:
    "@syncfusion/ej2-base" "~19.1.57"
    "@syncfusion/ej2-buttons" "~19.1.54"
    "@syncfusion/ej2-calendars" "~19.1.56"
    "@syncfusion/ej2-compression" "~19.1.54"
    "@syncfusion/ej2-data" "~19.1.58"
    "@syncfusion/ej2-dropdowns" "~19.1.59"
    "@syncfusion/ej2-excel-export" "~19.1.54"
    "@syncfusion/ej2-file-utils" "~19.1.54"
    "@syncfusion/ej2-inputs" "~19.1.59"
    "@syncfusion/ej2-lists" "~19.1.56"
    "@syncfusion/ej2-navigations" "~19.1.59"
    "@syncfusion/ej2-pdf-export" "~19.1.56"
    "@syncfusion/ej2-popups" "~19.1.59"
    "@syncfusion/ej2-splitbuttons" "~19.1.59"

"@syncfusion/ej2-icons@~19.1.54":
  version "19.1.54"
  resolved "https://registry.yarnpkg.com/@syncfusion/ej2-icons/-/ej2-icons-19.1.54.tgz#aa36f2c41e7a0b06b499668b487df98c61daeb8a"
  integrity sha512-QFIU7AOrIvgEjcOxj46fU9P3gQqjt7jKZpVc/GoDTvSDroUsLtbOiEZqphC9TQ7ZzLS9bfA/xNYNEGiln/NlTA==

"@syncfusion/ej2-inputs@~19.1.54", "@syncfusion/ej2-inputs@~19.1.57", "@syncfusion/ej2-inputs@~19.1.59":
  version "19.1.59"
  resolved "https://registry.yarnpkg.com/@syncfusion/ej2-inputs/-/ej2-inputs-19.1.59.tgz#6f1513aa2d837b1a2c2f49005f16a0bb2df495f7"
  integrity sha512-RGMOODzZhfhoQi9eLxlcL6vQW7Xnkh7FWtgvKsGEil0k9NpIY7sPY/RmrCMdHk55JyB8KjfsJzimLS0W5AG1SQ==
  dependencies:
    "@syncfusion/ej2-base" "~19.1.57"
    "@syncfusion/ej2-buttons" "~19.1.54"
    "@syncfusion/ej2-popups" "~19.1.59"
    "@syncfusion/ej2-splitbuttons" "~19.1.59"

"@syncfusion/ej2-layouts@~19.1.58":
  version "19.1.58"
  resolved "https://registry.yarnpkg.com/@syncfusion/ej2-layouts/-/ej2-layouts-19.1.58.tgz#b37e3cb64bee5d5bc564ae49e2b846a4106abaf1"
  integrity sha512-ZDadvRb/DXAem0EjECnIvv9rK3FTceDoztcr8e5a7h+y5k/Z5s/vcW4QR7lVaMlion4Z6LlsJ42c5aTszFhbzQ==
  dependencies:
    "@syncfusion/ej2-base" "~19.1.57"

"@syncfusion/ej2-lists@~19.1.56":
  version "19.1.56"
  resolved "https://registry.yarnpkg.com/@syncfusion/ej2-lists/-/ej2-lists-19.1.56.tgz#7002d42cacd4dbedf3d67bb052523614353289ec"
  integrity sha512-qnkXlbuwsz6s9jgDXzzXn6+pwC1QvLk+DNMIa/mvULxJ5wfIzJX3+TNaI3OHt/QCw9s9MGxwVAs+p7fsG+hJVQ==
  dependencies:
    "@syncfusion/ej2-base" "~19.1.56"
    "@syncfusion/ej2-buttons" "~19.1.54"
    "@syncfusion/ej2-data" "~19.1.56"

"@syncfusion/ej2-navigations@~19.1.58", "@syncfusion/ej2-navigations@~19.1.59":
  version "19.1.59"
  resolved "https://registry.yarnpkg.com/@syncfusion/ej2-navigations/-/ej2-navigations-19.1.59.tgz#607d36450c98f9c7546f8373c564fc109d9df3a2"
  integrity sha512-2Lh9/FAvwWKB6KECg9DWxDGqok0yYHdbSysZDATdNFDvZniC6WVQkPOk/DsaQdb/EJ5g/0EJdvgBcYDbq7DL/Q==
  dependencies:
    "@syncfusion/ej2-base" "~19.1.57"
    "@syncfusion/ej2-buttons" "~19.1.54"
    "@syncfusion/ej2-data" "~19.1.58"
    "@syncfusion/ej2-inputs" "~19.1.59"
    "@syncfusion/ej2-lists" "~19.1.56"
    "@syncfusion/ej2-popups" "~19.1.59"

"@syncfusion/ej2-pdf-export@~19.1.56":
  version "19.1.56"
  resolved "https://registry.yarnpkg.com/@syncfusion/ej2-pdf-export/-/ej2-pdf-export-19.1.56.tgz#4ec9b40667fcca1a3f59b1483fdf65316a398f24"
  integrity sha512-eI0ax5DCzs1sfTyTqEwmc1OXTIcDYMiYaFqEXmHS+zxyAWnSoKv0HvqyH/OVcE4rMyAnY6ja5jeB0Z15J2m+mg==
  dependencies:
    "@syncfusion/ej2-compression" "~19.1.54"

"@syncfusion/ej2-popups@~19.1.56", "@syncfusion/ej2-popups@~19.1.57", "@syncfusion/ej2-popups@~19.1.59":
  version "19.1.59"
  resolved "https://registry.yarnpkg.com/@syncfusion/ej2-popups/-/ej2-popups-19.1.59.tgz#3c1c686515592d490087ddc401a8d468b7033086"
  integrity sha512-3P5yyAX/3txO/i/hOqNdIJ5hUEJXtQ7UrQYEmJlW8vcZQj3gCxIX8TR9SoCLyoGqAbd6tYAZ00kjZlQ/6wL5Ew==
  dependencies:
    "@syncfusion/ej2-base" "~19.1.57"
    "@syncfusion/ej2-buttons" "~19.1.54"

"@syncfusion/ej2-react-base@~19.1.57":
  version "19.1.57"
  resolved "https://registry.yarnpkg.com/@syncfusion/ej2-react-base/-/ej2-react-base-19.1.57.tgz#54b0d642115dd99dd73e818fc9ab770580fed0ce"
  integrity sha512-57vUvEZTH9SrZWGmYBiAI9V6VWnybkQDWcWs5QkkkDhreTQOhNbbN0MxuW1qDL98KzvM/G7vZQbOCB36UQXeOQ==
  dependencies:
    "@syncfusion/ej2-base" "~19.1.57"

"@syncfusion/ej2-react-gantt@^19.1.59":
  version "19.1.59"
  resolved "https://registry.yarnpkg.com/@syncfusion/ej2-react-gantt/-/ej2-react-gantt-19.1.59.tgz#43988139732c9607e982e79fc166458c69b15039"
  integrity sha512-PvDYwIypVZpOLLaFcEGQjvGAVcskZGNyfFjwHA9evx/I4LrJ6vDXayq9/CAXMNLan3m4QPffgNYJeKfqWfLMmA==
  dependencies:
    "@syncfusion/ej2-base" "~19.1.57"
    "@syncfusion/ej2-gantt" "19.1.59"
    "@syncfusion/ej2-react-base" "~19.1.57"

"@syncfusion/ej2-richtexteditor@~19.1.59":
  version "19.1.59"
  resolved "https://registry.yarnpkg.com/@syncfusion/ej2-richtexteditor/-/ej2-richtexteditor-19.1.59.tgz#ab0c778c840a707489b90b375f77bd70b2999260"
  integrity sha512-QMrCXFegm3B+ek9TN8+pLiXKSdWmhijMB6HB1rQwi5J0L4W5EZ2S0tlsiK2H//PUihoS+2gKS9SosP/nuq/d2g==
  dependencies:
    "@syncfusion/ej2-base" "~19.1.57"
    "@syncfusion/ej2-buttons" "~19.1.54"
    "@syncfusion/ej2-filemanager" "~19.1.58"
    "@syncfusion/ej2-inputs" "~19.1.59"
    "@syncfusion/ej2-navigations" "~19.1.59"
    "@syncfusion/ej2-popups" "~19.1.59"
    "@syncfusion/ej2-splitbuttons" "~19.1.59"

"@syncfusion/ej2-splitbuttons@~19.1.54", "@syncfusion/ej2-splitbuttons@~19.1.59":
  version "19.1.59"
  resolved "https://registry.yarnpkg.com/@syncfusion/ej2-splitbuttons/-/ej2-splitbuttons-19.1.59.tgz#3848feba0534f0ceb7c8ab98672ece6afdca14be"
  integrity sha512-5DZ8F/vigDezgryur51PQWayEzDLcidNVi3nT/ExB8PkFsYNTO6wPOGx/ouGZZ1Zci89DKOa53xcCBlk1/4ddA==
  dependencies:
    "@syncfusion/ej2-base" "~19.1.57"
    "@syncfusion/ej2-popups" "~19.1.59"

"@syncfusion/ej2-treegrid@~19.1.59":
  version "19.1.59"
  resolved "https://registry.yarnpkg.com/@syncfusion/ej2-treegrid/-/ej2-treegrid-19.1.59.tgz#f6e4e902dd83206628c52d288b0d284f025fe42a"
  integrity sha512-uC9azG2OtX7IKrMfWC2+ipU2IV4ekEgSHIAr9wDeqJqUo64ubVtlvDF8Y59yU1jAjwcBjz4VKf5f5I4i3ctUqA==
  dependencies:
    "@syncfusion/ej2-base" "~19.1.57"
    "@syncfusion/ej2-data" "~19.1.58"
    "@syncfusion/ej2-grids" "~19.1.59"
    "@syncfusion/ej2-popups" "~19.1.59"

balanced-match@^1.0.0:
  version "1.0.2"
  resolved "https://registry.yarnpkg.com/balanced-match/-/balanced-match-1.0.2.tgz#e83e3a7e3f300b34cb9d87f615fa0cbf357690ee"
  integrity sha512-3oSeUO0TMV67hN1AmbXsK4yaqU7tjiHlbxRDZOpH0KW9+CeX4bRAaX0Anxt0tx2MrpRpWwQaPwIlISEJhYU5Pw==

brace-expansion@^1.1.7:
  version "1.1.11"
  resolved "https://registry.yarnpkg.com/brace-expansion/-/brace-expansion-1.1.11.tgz#3c7fcbf529d87226f3d2f52b966ff5271eb441dd"
  integrity sha512-iCuPHDFgrHX7H2vEI/5xpz07zSHB00TpugqhmYtVmMO6518mCuRMoOYFldEBl0g187ufozdaHgWKcYFb61qGiA==
  dependencies:
    balanced-match "^1.0.0"
    concat-map "0.0.1"

concat-map@0.0.1:
  version "0.0.1"
  resolved "https://registry.yarnpkg.com/concat-map/-/concat-map-0.0.1.tgz#d8a96bd77fd68df7793a73036a3ba0d5405d477b"
  integrity sha1-2Klr13/Wjfd5OnMDajug1UBdR3s=

core-util-is@~1.0.0:
  version "1.0.2"
  resolved "https://registry.yarnpkg.com/core-util-is/-/core-util-is-1.0.2.tgz#b5fd54220aa2bc5ab57aab7140c940754503c1a7"
  integrity sha1-tf1UIgqivFq1eqtxQMlAdUUDwac=

fs.realpath@^1.0.0:
  version "1.0.0"
  resolved "https://registry.yarnpkg.com/fs.realpath/-/fs.realpath-1.0.0.tgz#1504ad2523158caa40db4a2787cb01411994ea4f"
  integrity sha1-FQStJSMVjKpA20onh8sBQRmU6k8=

glob@^7.1.3:
  version "7.1.7"
  resolved "https://registry.yarnpkg.com/glob/-/glob-7.1.7.tgz#3b193e9233f01d42d0b3f78294bbeeb418f94a90"
  integrity sha512-OvD9ENzPLbegENnYP5UUfJIirTg4+XwMWGaQfQTY0JenxNvvIKP3U3/tAQSPIu/lHxXYSZmpXlUHeqAIdKzBLQ==
  dependencies:
    fs.realpath "^1.0.0"
    inflight "^1.0.4"
    inherits "2"
    minimatch "^3.0.4"
    once "^1.3.0"
    path-is-absolute "^1.0.0"

immediate@~3.0.5:
  version "3.0.6"
  resolved "https://registry.yarnpkg.com/immediate/-/immediate-3.0.6.tgz#9db1dbd0faf8de6fbe0f5dd5e56bb606280de69b"
  integrity sha1-nbHb0Pr43m++D13V5Wu2BigN5ps=

inflight@^1.0.4:
  version "1.0.6"
  resolved "https://registry.yarnpkg.com/inflight/-/inflight-1.0.6.tgz#49bd6331d7d02d0c09bc910a1075ba8165b56df9"
  integrity sha1-Sb1jMdfQLQwJvJEKEHW6gWW1bfk=
  dependencies:
    once "^1.3.0"
    wrappy "1"

inherits@2, inherits@~2.0.3:
  version "2.0.4"
  resolved "https://registry.yarnpkg.com/inherits/-/inherits-2.0.4.tgz#0fa2c64f932917c3433a0ded55363aae37416b7c"
  integrity sha512-k/vGaX4/Yla3WzyMCvTQOXYeIHvqOKtnqBduzTHpzpQZzAskKMhZ2K+EnBiSM9zGSoIFeMpXKxa4dYeZIQqewQ==

isarray@~1.0.0:
  version "1.0.0"
  resolved "https://registry.yarnpkg.com/isarray/-/isarray-1.0.0.tgz#bb935d48582cba168c06834957a54a3e07124f11"
  integrity sha1-u5NdSFgsuhaMBoNJV6VKPgcSTxE=

jszip@^3.5.0:
  version "3.6.0"
  resolved "https://registry.yarnpkg.com/jszip/-/jszip-3.6.0.tgz#839b72812e3f97819cc13ac4134ffced95dd6af9"
  integrity sha512-jgnQoG9LKnWO3mnVNBnfhkh0QknICd1FGSrXcgrl67zioyJ4wgx25o9ZqwNtrROSflGBCGYnJfjrIyRIby1OoQ==
  dependencies:
    lie "~3.3.0"
    pako "~1.0.2"
    readable-stream "~2.3.6"
    set-immediate-shim "~1.0.1"

lie@~3.3.0:
  version "3.3.0"
  resolved "https://registry.yarnpkg.com/lie/-/lie-3.3.0.tgz#dcf82dee545f46074daf200c7c1c5a08e0f40f6a"
  integrity sha512-UaiMJzeWRlEujzAuw5LokY1L5ecNQYZKfmyZ9L7wDHb/p5etKaxXhohBcrw0EYby+G/NA52vRSN4N39dxHAIwQ==
  dependencies:
    immediate "~3.0.5"

minimatch@^3.0.4:
  version "3.0.4"
  resolved "https://registry.yarnpkg.com/minimatch/-/minimatch-3.0.4.tgz#5166e286457f03306064be5497e8dbb0c3d32083"
  integrity sha512-yJHVQEhyqPLUTgt9B83PXu6W3rx4MvvHvSUvToogpwoGDOUQ+yDrR0HRot+yOCdCO7u4hX3pWft6kWBBcqh0UA==
  dependencies:
    brace-expansion "^1.1.7"

once@^1.3.0:
  version "1.4.0"
  resolved "https://registry.yarnpkg.com/once/-/once-1.4.0.tgz#583b1aa775961d4b113ac17d9c50baef9dd76bd1"
  integrity sha1-WDsap3WWHUsROsF9nFC6753Xa9E=
  dependencies:
    wrappy "1"

pako@~1.0.2:
  version "1.0.11"
  resolved "https://registry.yarnpkg.com/pako/-/pako-1.0.11.tgz#6c9599d340d54dfd3946380252a35705a6b992bf"
  integrity sha512-4hLB8Py4zZce5s4yd9XzopqwVv/yGNhV1Bl8NTmCq1763HeK2+EwVTv+leGeL13Dnh2wfbqowVPXCIO0z4taYw==

path-is-absolute@^1.0.0:
  version "1.0.1"
  resolved "https://registry.yarnpkg.com/path-is-absolute/-/path-is-absolute-1.0.1.tgz#174b9268735534ffbc7ace6bf53a5a9e1b5c5f5f"
  integrity sha1-F0uSaHNVNP+8es5r9TpanhtcX18=

process-nextick-args@~2.0.0:
  version "2.0.1"
  resolved "https://registry.yarnpkg.com/process-nextick-args/-/process-nextick-args-2.0.1.tgz#7820d9b16120cc55ca9ae7792680ae7dba6d7fe2"
  integrity sha512-3ouUOpQhtgrbOa17J7+uxOTpITYWaGP7/AhoR3+A+/1e9skrzelGi/dXzEYyvbxubEF6Wn2ypscTKiKJFFn1ag==

readable-stream@~2.3.6:
  version "2.3.7"
  resolved "https://registry.yarnpkg.com/readable-stream/-/readable-stream-2.3.7.tgz#1eca1cf711aef814c04f62252a36a62f6cb23b57"
  integrity sha512-Ebho8K4jIbHAxnuxi7o42OrZgF/ZTNcsZj6nRKyUmkhLFq8CHItp/fy6hQZuZmP/n3yZ9VBUbp4zz/mX8hmYPw==
  dependencies:
    core-util-is "~1.0.0"
    inherits "~2.0.3"
    isarray "~1.0.0"
    process-nextick-args "~2.0.0"
    safe-buffer "~5.1.1"
    string_decoder "~1.1.1"
    util-deprecate "~1.0.1"

rimraf@^2.7.1:
  version "2.7.1"
  resolved "https://registry.yarnpkg.com/rimraf/-/rimraf-2.7.1.tgz#35797f13a7fdadc566142c29d4f07ccad483e3ec"
  integrity sha512-uWjbaKIK3T1OSVptzX7Nl6PvQ3qAGtKEtVRjRuazjfL3Bx5eI409VZSqgND+4UNnmzLVdPj9FqFJNPqBZFve4w==
  dependencies:
    glob "^7.1.3"

rimraf@^3.0.0:
  version "3.0.2"
  resolved "https://registry.yarnpkg.com/rimraf/-/rimraf-3.0.2.tgz#f1a5402ba6220ad52cc1282bac1ae3aa49fd061a"
  integrity sha512-JZkJMZkAGFFPP2YqXZXPbMlMBgsxzE8ILs4lMIX/2o0L9UBw9O/Y3o6wFw/i9YLapcUJWwqbi3kdxIPdC62TIA==
  dependencies:
    glob "^7.1.3"

safe-buffer@~5.1.0, safe-buffer@~5.1.1:
  version "5.1.2"
  resolved "https://registry.yarnpkg.com/safe-buffer/-/safe-buffer-5.1.2.tgz#991ec69d296e0313747d59bdfd2b745c35f8828d"
  integrity sha512-Gd2UZBJDkXlY7GbJxfsE8/nvKkUEU1G38c1siN6QP6a9PT9MmHB8GnpscSmMJSoF8LOIrt8ud/wPtojys4G6+g==

selenium-webdriver@^4.0.0-alpha.1:
  version "4.0.0-beta.3"
  resolved "https://registry.yarnpkg.com/selenium-webdriver/-/selenium-webdriver-4.0.0-beta.3.tgz#8c29512a27ca9c1f95a96a9a8f488304c894390e"
  integrity sha512-R0mGHpQkSKgIWiPgcKDcckh4A6aaK0KTyWxs5ieuiI7zsXQ+Kb6neph+dNoeqq3jSBGyv3ONo2w3oohoL4D/Rg==
  dependencies:
    jszip "^3.5.0"
    rimraf "^2.7.1"
    tmp "^0.2.1"
    ws "^7.3.1"

set-immediate-shim@~1.0.1:
  version "1.0.1"
  resolved "https://registry.yarnpkg.com/set-immediate-shim/-/set-immediate-shim-1.0.1.tgz#4b2b1b27eb808a9f8dcc481a58e5e56f599f3f61"
  integrity sha1-SysbJ+uAip+NzEgaWOXlb1mfP2E=

string_decoder@~1.1.1:
  version "1.1.1"
  resolved "https://registry.yarnpkg.com/string_decoder/-/string_decoder-1.1.1.tgz#9cf1611ba62685d7030ae9e4ba34149c3af03fc8"
  integrity sha512-n/ShnvDi6FHbbVfviro+WojiFzv+s8MPMHBczVePfUpDJLwoLT0ht1l4YwBCbi8pJAveEEdnkHyPyTP/mzRfwg==
  dependencies:
    safe-buffer "~5.1.0"

tmp@^0.2.1:
  version "0.2.1"
  resolved "https://registry.yarnpkg.com/tmp/-/tmp-0.2.1.tgz#8457fc3037dcf4719c251367a1af6500ee1ccf14"
  integrity sha512-76SUhtfqR2Ijn+xllcI5P1oyannHNHByD80W1q447gU3mp9G9PSpGdWmjUOHRDPiHYacIk66W7ubDTuPF3BEtQ==
  dependencies:
    rimraf "^3.0.0"

util-deprecate@~1.0.1:
  version "1.0.2"
  resolved "https://registry.yarnpkg.com/util-deprecate/-/util-deprecate-1.0.2.tgz#450d4dc9fa70de732762fbd2d4a28981419a0ccf"
  integrity sha1-RQ1Nyfpw3nMnYvvS1KKJgUGaDM8=

wrappy@1:
  version "1.0.2"
  resolved "https://registry.yarnpkg.com/wrappy/-/wrappy-1.0.2.tgz#b5243d8f3ec1aa35f1364605bc0d1036e30ab69f"
  integrity sha1-tSQ9jz7BqjXxNkYFvA0QNuMKtp8=

ws@^7.3.1:
  version "7.4.5"
  resolved "https://registry.yarnpkg.com/ws/-/ws-7.4.5.tgz#a484dd851e9beb6fdb420027e3885e8ce48986c1"
  integrity sha512-xzyu3hFvomRfXKH8vOFMU3OguG6oOvhXMo3xsGy3xWExqaM2dxBbVxuD99O7m3ZUFMvvscsZDqxfgMaRr/Nr1g==
